
Microsoft Visual Studio Solution File, Format Version 12.00
# Visual Studio Version 16
VisualStudioVersion = 16.0.30330.147
MinimumVisualStudioVersion = 10.0.40219.1
Project("{9A19103F-16F7-4668-BE54-9A1E7A4F7556}") = "CatalogManaging.Core", "Catalog.Core\CatalogManaging.Core.csproj", "{D67A17D1-DA20-4177-B153-63175DE5892F}"
EndProject
Project("{9A19103F-16F7-4668-BE54-9A1E7A4F7556}") = "CatalogManaging.Infrastructure", "Catalog.Infrastructure\CatalogManaging.Infrastructure.csproj", "{409A9153-CA45-4C5E-BDC8-3264482A2B15}"
EndProject
Project("{9A19103F-16F7-4668-BE54-9A1E7A4F7556}") = "CatalogManaging", "CatalogManaging\CatalogManaging.csproj", "{E8879EB2-6498-4569-8559-FD6728E7C000}"
EndProject
Project("{9A19103F-16F7-4668-BE54-9A1E7A4F7556}") = "CatalogManaging.Tests", "CatalogManaging.Tests\CatalogManaging.Tests.csproj", "{886920B8-7487-432C-8EE6-10F461450BA1}"
EndProject
Global
	GlobalSection(SolutionConfigurationPlatforms) = preSolution
		Debug|Any CPU = Debug|Any CPU
		Release|Any CPU = Release|Any CPU
	EndGlobalSection
	GlobalSection(ProjectConfigurationPlatforms) = postSolution
		{D67A17D1-DA20-4177-B153-63175DE5892F}.Debug|Any CPU.ActiveCfg = Debug|Any CPU
		{D67A17D1-DA20-4177-B153-63175DE5892F}.Debug|Any CPU.Build.0 = Debug|Any CPU
		{D67A17D1-DA20-4177-B153-63175DE5892F}.Release|Any CPU.ActiveCfg = Release|Any CPU
		{D67A17D1-DA20-4177-B153-63175DE5892F}.Release|Any CPU.Build.0 = Release|Any CPU
		{409A9153-CA45-4C5E-BDC8-3264482A2B15}.Debug|Any CPU.ActiveCfg = Debug|Any CPU
		{409A9153-CA45-4C5E-BDC8-3264482A2B15}.Debug|Any CPU.Build.0 = Debug|Any CPU
		{409A9153-CA45-4C5E-BDC8-3264482A2B15}.Release|Any CPU.ActiveCfg = Release|Any CPU
		{409A9153-CA45-4C5E-BDC8-3264482A2B15}.Release|Any CPU.Build.0 = Release|Any CPU
		{E8879EB2-6498-4569-8559-FD6728E7C000}.Debug|Any CPU.ActiveCfg = Debug|Any CPU
		{E8879EB2-6498-4569-8559-FD6728E7C000}.Debug|Any CPU.Build.0 = Debug|Any CPU
		{E8879EB2-6498-4569-8559-FD6728E7C000}.Release|Any CPU.ActiveCfg = Release|Any CPU
		{E8879EB2-6498-4569-8559-FD6728E7C000}.Release|Any CPU.Build.0 = Release|Any CPU
		{886920B8-7487-432C-8EE6-10F461450BA1}.Debug|Any CPU.ActiveCfg = Debug|Any CPU
		{886920B8-7487-432C-8EE6-10F461450BA1}.Debug|Any CPU.Build.0 = Debug|Any CPU
		{886920B8-7487-432C-8EE6-10F461450BA1}.Release|Any CPU.ActiveCfg = Release|Any CPU
		{886920B8-7487-432C-8EE6-10F461450BA1}.Release|Any CPU.Build.0 = Release|Any CPU
	EndGlobalSection
	GlobalSection(SolutionProperties) = preSolution
		HideSolutionNode = FALSE
	EndGlobalSection
	GlobalSection(ExtensibilityGlobals) = postSolution
		SolutionGuid = {50E69888-7746-4F48-ABF7-B100B2B64AA5}
	EndGlobalSection
EndGlobal
